
Microsoft Visual Studio Solution File, Format Version 12.00
# Visual Studio 15
Project("{FAE04EC0-301F-11D3-BF4B-00C04F79EFBC}") = "Assembly-CSharp", "Assembly-CSharp.csproj", "{066062B3-4AEC-6120-6F4D-5D13464F6E74}"
EndProject
Project("{FAE04EC0-301F-11D3-BF4B-00C04F79EFBC}") = "Assembly-CSharp-firstpass", "Assembly-CSharp-firstpass.csproj", "{9781AC99-B15F-00EE-D61B-3202F8F58F74}"
EndProject
Project("{FAE04EC0-301F-11D3-BF4B-00C04F79EFBC}") = "Assembly-CSharp-Editor-firstpass", "Assembly-CSharp-Editor-firstpass.csproj", "{1A0D1398-AA35-51B3-410B-E545BA668BBD}"
EndProject
Project("{FAE04EC0-301F-11D3-BF4B-00C04F79EFBC}") = "Assembly-CSharp-Editor", "Assembly-CSharp-Editor.csproj", "{130637CE-29C3-F060-7E10-9E12DA1A4A95}"
EndProject
Global
	GlobalSection(SolutionConfigurationPlatforms) = preSolution
		Debug|Any CPU = Debug|Any CPU
		Release|Any CPU = Release|Any CPU
	EndGlobalSection
	GlobalSection(ProjectConfigurationPlatforms) = postSolution
		{066062B3-4AEC-6120-6F4D-5D13464F6E74}.Debug|Any CPU.ActiveCfg = Debug|Any CPU
		{066062B3-4AEC-6120-6F4D-5D13464F6E74}.Debug|Any CPU.Build.0 = Debug|Any CPU
		{066062B3-4AEC-6120-6F4D-5D13464F6E74}.Release|Any CPU.ActiveCfg = Release|Any CPU
		{066062B3-4AEC-6120-6F4D-5D13464F6E74}.Release|Any CPU.Build.0 = Release|Any CPU
		{9781AC99-B15F-00EE-D61B-3202F8F58F74}.Debug|Any CPU.ActiveCfg = Debug|Any CPU
		{9781AC99-B15F-00EE-D61B-3202F8F58F74}.Debug|Any CPU.Build.0 = Debug|Any CPU
		{9781AC99-B15F-00EE-D61B-3202F8F58F74}.Release|Any CPU.ActiveCfg = Release|Any CPU
		{9781AC99-B15F-00EE-D61B-3202F8F58F74}.Release|Any CPU.Build.0 = Release|Any CPU
		{1A0D1398-AA35-51B3-410B-E545BA668BBD}.Debug|Any CPU.ActiveCfg = Debug|Any CPU
		{1A0D1398-AA35-51B3-410B-E545BA668BBD}.Debug|Any CPU.Build.0 = Debug|Any CPU
		{1A0D1398-AA35-51B3-410B-E545BA668BBD}.Release|Any CPU.ActiveCfg = Release|Any CPU
		{1A0D1398-AA35-51B3-410B-E545BA668BBD}.Release|Any CPU.Build.0 = Release|Any CPU
		{130637CE-29C3-F060-7E10-9E12DA1A4A95}.Debug|Any CPU.ActiveCfg = Debug|Any CPU
		{130637CE-29C3-F060-7E10-9E12DA1A4A95}.Debug|Any CPU.Build.0 = Debug|Any CPU
		{130637CE-29C3-F060-7E10-9E12DA1A4A95}.Release|Any CPU.ActiveCfg = Release|Any CPU
		{130637CE-29C3-F060-7E10-9E12DA1A4A95}.Release|Any CPU.Build.0 = Release|Any CPU
	EndGlobalSection
	GlobalSection(SolutionProperties) = preSolution
		HideSolutionNode = FALSE
	EndGlobalSection
EndGlobal
